
Microsoft Visual Studio Solution File, Format Version 12.00
# Visual Studio Version 17
VisualStudioVersion = 17.14.36616.10
MinimumVisualStudioVersion = 10.0.40219.1
Project("{FAE04EC0-301F-11D3-BF4B-00C04F79EFBC}") = "RAMZA EBIKE SWABI", "RAMZA EBIKE SWABI\RAMZA EBIKE SWABI.csproj", "{37D8CA52-85F9-46F1-B0A8-A9E3F9EB9FF5}"
EndProject
Global
	GlobalSection(SolutionConfigurationPlatforms) = preSolution
		Debug|Any CPU = Debug|Any CPU
		Release|Any CPU = Release|Any CPU
	EndGlobalSection
	GlobalSection(ProjectConfigurationPlatforms) = postSolution
		{37D8CA52-85F9-46F1-B0A8-A9E3F9EB9FF5}.Debug|Any CPU.ActiveCfg = Debug|Any CPU
		{37D8CA52-85F9-46F1-B0A8-A9E3F9EB9FF5}.Debug|Any CPU.Build.0 = Debug|Any CPU
		{37D8CA52-85F9-46F1-B0A8-A9E3F9EB9FF5}.Release|Any CPU.ActiveCfg = Release|Any CPU
		{37D8CA52-85F9-46F1-B0A8-A9E3F9EB9FF5}.Release|Any CPU.Build.0 = Release|Any CPU
	EndGlobalSection
	GlobalSection(SolutionProperties) = preSolution
		HideSolutionNode = FALSE
	EndGlobalSection
	GlobalSection(ExtensibilityGlobals) = postSolution
		SolutionGuid = {DA5D605F-9DB9-40DD-B90E-376CD74B059A}
	EndGlobalSection
EndGlobal
